{
  "lib/yaml/converter.rb:982404199": [
    [173, 11, 12, "Style/IdenticalConditionalBranches: Move `success.call` out of the conditional.", 2620711594],
    [178, 11, 12, "Style/IdenticalConditionalBranches: Move `success.call` out of the conditional.", 2620711594]
  ],
  "spec/yaml/html_renderer_spec.rb:1469607514": [
    [5, 1, 30, "RSpec/SpecFilePathFormat: Spec path should end with `yaml/converter*_spec.rb`.", 2834375208]
  ],
  "spec/yaml/streaming_spec.rb:3240141631": [
    [5, 1, 30, "RSpec/SpecFilePathFormat: Spec path should end with `yaml/converter*_spec.rb`.", 2834375208]
  ],
  "spec/yaml/validation_spec.rb:2617750190": [
    [3, 1, 42, "RSpec/SpecFilePathFormat: Spec path should end with `yaml/converter/validation*_spec.rb`.", 1185126307]
  ]
}
